
Microsoft Visual Studio Solution File, Format Version 12.00
# Visual Studio Version 17
VisualStudioVersion = 17.3.32804.467
MinimumVisualStudioVersion = 10.0.40219.1
Project("{FAE04EC0-301F-11D3-BF4B-00C04F79EFBC}") = "sujith", "sujith\sujith.csproj", "{102B3F45-A26E-46E0-81CC-32F8A68E8DE5}"
EndProject
Global
	GlobalSection(SolutionConfigurationPlatforms) = preSolution
		Debug|Any CPU = Debug|Any CPU
		Release|Any CPU = Release|Any CPU
	EndGlobalSection
	GlobalSection(ProjectConfigurationPlatforms) = postSolution
		{102B3F45-A26E-46E0-81CC-32F8A68E8DE5}.Debug|Any CPU.ActiveCfg = Debug|Any CPU
		{102B3F45-A26E-46E0-81CC-32F8A68E8DE5}.Debug|Any CPU.Build.0 = Debug|Any CPU
		{102B3F45-A26E-46E0-81CC-32F8A68E8DE5}.Release|Any CPU.ActiveCfg = Release|Any CPU
		{102B3F45-A26E-46E0-81CC-32F8A68E8DE5}.Release|Any CPU.Build.0 = Release|Any CPU
	EndGlobalSection
	GlobalSection(SolutionProperties) = preSolution
		HideSolutionNode = FALSE
	EndGlobalSection
	GlobalSection(ExtensibilityGlobals) = postSolution
		SolutionGuid = {71316CAE-19A3-48DA-B84C-30BD6A6518F0}
	EndGlobalSection
EndGlobal
